// !$*UTF8*$!
{
	archiveVersion = 1;
	classes = {
	};
	objectVersion = 56;
	objects = {

/* Begin PBXBuildFile section */
		6939934F3029FB2581899B1D /* Pods_ios_app.framework in Frameworks */ = {isa = PBXBuildFile; fileRef = 5BCC7A125FD0852867E503F5 /* Pods_ios_app.framework */; };
		EB09C7102BB10AB600C5AE9E /* Main_iPad.storyboard in Resources */ = {isa = PBXBuildFile; fileRef = EB09C70F2BB10AB600C5AE9E /* Main_iPad.storyboard */; };
		EBB423F42B68B8B600160DEE /* AppLogger.swift in Sources */ = {isa = PBXBuildFile; fileRef = EBB423F32B68B8B600160DEE /* AppLogger.swift */; };
		EBB423F72B68BF6400160DEE /* AppLogFormatter.swift in Sources */ = {isa = PBXBuildFile; fileRef = EBB423F62B68BF6400160DEE /* AppLogFormatter.swift */; };
		EBB423FA2B68BF7000160DEE /* AppLogFileManager.swift in Sources */ = {isa = PBXBuildFile; fileRef = EBB423F92B68BF7000160DEE /* AppLogFileManager.swift */; };
		EBD50AE429E537610092801D /* AccessToken.swift in Sources */ = {isa = PBXBuildFile; fileRef = EBD50AE329E537610092801D /* AccessToken.swift */; };
		EBD50AED29E538470092801D /* Settings.swift in Sources */ = {isa = PBXBuildFile; fileRef = EBD50AEC29E538470092801D /* Settings.swift */; };
		EBD8988D2B171879003F18EF /* Config.debug.xcconfig in Resources */ = {isa = PBXBuildFile; fileRef = EBD8988C2B171879003F18EF /* Config.debug.xcconfig */; };
		EBD898902B171898003F18EF /* Config.release.xcconfig in Resources */ = {isa = PBXBuildFile; fileRef = EBD8988F2B17188A003F18EF /* Config.release.xcconfig */; };
		EBE29C2129DFE88000D7AC59 /* AppDelegate.swift in Sources */ = {isa = PBXBuildFile; fileRef = EBE29C2029DFE88000D7AC59 /* AppDelegate.swift */; };
		EBE29C2329DFE88000D7AC59 /* SceneDelegate.swift in Sources */ = {isa = PBXBuildFile; fileRef = EBE29C2229DFE88000D7AC59 /* SceneDelegate.swift */; };
		EBE29C2529DFE88000D7AC59 /* LSEmbedCameraAndMicViewController.swift in Sources */ = {isa = PBXBuildFile; fileRef = EBE29C2429DFE88000D7AC59 /* LSEmbedCameraAndMicViewController.swift */; };
		EBE29C2829DFE88100D7AC59 /* Main.storyboard in Resources */ = {isa = PBXBuildFile; fileRef = EBE29C2629DFE88100D7AC59 /* Main.storyboard */; };
		EBE29C2A29DFE88300D7AC59 /* Assets.xcassets in Resources */ = {isa = PBXBuildFile; fileRef = EBE29C2929DFE88300D7AC59 /* Assets.xcassets */; };
		EBE29C2D29DFE88300D7AC59 /* LaunchScreen.storyboard in Resources */ = {isa = PBXBuildFile; fileRef = EBE29C2B29DFE88300D7AC59 /* LaunchScreen.storyboard */; };
		EBEF2BFA2BA192B800B72DC7 /* client_sdk.xcframework in Frameworks */ = {isa = PBXBuildFile; fileRef = EBEF2BF82BA192B800B72DC7 /* client_sdk.xcframework */; };
		EBEF2BFB2BA192B800B72DC7 /* client_sdk.xcframework in Embed Frameworks */ = {isa = PBXBuildFile; fileRef = EBEF2BF82BA192B800B72DC7 /* client_sdk.xcframework */; settings = {ATTRIBUTES = (CodeSignOnCopy, RemoveHeadersOnCopy, ); }; };
		EBEF2BFC2BA192B800B72DC7 /* WebRTC.xcframework in Frameworks */ = {isa = PBXBuildFile; fileRef = EBEF2BF92BA192B800B72DC7 /* WebRTC.xcframework */; };
		EBEF2BFD2BA192B800B72DC7 /* WebRTC.xcframework in Embed Frameworks */ = {isa = PBXBuildFile; fileRef = EBEF2BF92BA192B800B72DC7 /* WebRTC.xcframework */; settings = {ATTRIBUTES = (CodeSignOnCopy, RemoveHeadersOnCopy, ); }; };
/* End PBXBuildFile section */

/* Begin PBXCopyFilesBuildPhase section */
		EBEF2BFE2BA192B800B72DC7 /* Embed Frameworks */ = {
			isa = PBXCopyFilesBuildPhase;
			buildActionMask = 2147483647;
			dstPath = "";
			dstSubfolderSpec = 10;
			files = (
				EBEF2BFD2BA192B800B72DC7 /* WebRTC.xcframework in Embed Frameworks */,
				EBEF2BFB2BA192B800B72DC7 /* client_sdk.xcframework in Embed Frameworks */,
			);
			name = "Embed Frameworks";
			runOnlyForDeploymentPostprocessing = 0;
		};
		EBFCBCB92B049A5800EBEE6F /* Embed Foundation Extensions */ = {
			isa = PBXCopyFilesBuildPhase;
			buildActionMask = 2147483647;
			dstPath = "";
			dstSubfolderSpec = 13;
			files = (
			);
			name = "Embed Foundation Extensions";
			runOnlyForDeploymentPostprocessing = 0;
		};
/* End PBXCopyFilesBuildPhase section */

/* Begin PBXFileReference section */
		227B66EE1C50775E0E273CC1 /* Pods-ios_app.debug.xcconfig */ = {isa = PBXFileReference; includeInIndex = 1; lastKnownFileType = text.xcconfig; name = "Pods-ios_app.debug.xcconfig"; path = "Target Support Files/Pods-ios_app/Pods-ios_app.debug.xcconfig"; sourceTree = "<group>"; };
		27B4733EF9842CAB8D72937C /* Pods-ios_app.release.xcconfig */ = {isa = PBXFileReference; includeInIndex = 1; lastKnownFileType = text.xcconfig; name = "Pods-ios_app.release.xcconfig"; path = "Target Support Files/Pods-ios_app/Pods-ios_app.release.xcconfig"; sourceTree = "<group>"; };
		5BCC7A125FD0852867E503F5 /* Pods_ios_app.framework */ = {isa = PBXFileReference; explicitFileType = wrapper.framework; includeInIndex = 0; path = Pods_ios_app.framework; sourceTree = BUILT_PRODUCTS_DIR; };
		EB09C70F2BB10AB600C5AE9E /* Main_iPad.storyboard */ = {isa = PBXFileReference; lastKnownFileType = file.storyboard; path = Main_iPad.storyboard; sourceTree = "<group>"; };
		EB71FEF62BA1610400F6962A /* ios_app.entitlements */ = {isa = PBXFileReference; fileEncoding = 4; lastKnownFileType = text.plist.entitlements; path = ios_app.entitlements; sourceTree = "<group>"; };
		EBB423F32B68B8B600160DEE /* AppLogger.swift */ = {isa = PBXFileReference; lastKnownFileType = sourcecode.swift; path = AppLogger.swift; sourceTree = "<group>"; };
		EBB423F62B68BF6400160DEE /* AppLogFormatter.swift */ = {isa = PBXFileReference; lastKnownFileType = sourcecode.swift; path = AppLogFormatter.swift; sourceTree = "<group>"; };
		EBB423F92B68BF7000160DEE /* AppLogFileManager.swift */ = {isa = PBXFileReference; lastKnownFileType = sourcecode.swift; path = AppLogFileManager.swift; sourceTree = "<group>"; };
		EBD50AE329E537610092801D /* AccessToken.swift */ = {isa = PBXFileReference; lastKnownFileType = sourcecode.swift; path = AccessToken.swift; sourceTree = "<group>"; };
		EBD50AEC29E538470092801D /* Settings.swift */ = {isa = PBXFileReference; lastKnownFileType = sourcecode.swift; path = Settings.swift; sourceTree = "<group>"; };
		EBD8988C2B171879003F18EF /* Config.debug.xcconfig */ = {isa = PBXFileReference; lastKnownFileType = text.xcconfig; path = Config.debug.xcconfig; sourceTree = "<group>"; };
		EBD8988F2B17188A003F18EF /* Config.release.xcconfig */ = {isa = PBXFileReference; lastKnownFileType = text.xcconfig; path = Config.release.xcconfig; sourceTree = "<group>"; };
		EBE29C1D29DFE88000D7AC59 /* ios_app.app */ = {isa = PBXFileReference; explicitFileType = wrapper.application; includeInIndex = 0; path = ios_app.app; sourceTree = BUILT_PRODUCTS_DIR; };
		EBE29C2029DFE88000D7AC59 /* AppDelegate.swift */ = {isa = PBXFileReference; lastKnownFileType = sourcecode.swift; path = AppDelegate.swift; sourceTree = "<group>"; };
		EBE29C2229DFE88000D7AC59 /* SceneDelegate.swift */ = {isa = PBXFileReference; lastKnownFileType = sourcecode.swift; path = SceneDelegate.swift; sourceTree = "<group>"; };
		EBE29C2429DFE88000D7AC59 /* LSEmbedCameraAndMicViewController.swift */ = {isa = PBXFileReference; lastKnownFileType = sourcecode.swift; path = LSEmbedCameraAndMicViewController.swift; sourceTree = "<group>"; };
		EBE29C2729DFE88100D7AC59 /* Base */ = {isa = PBXFileReference; lastKnownFileType = file.storyboard; name = Base; path = Base.lproj/Main.storyboard; sourceTree = "<group>"; };
		EBE29C2929DFE88300D7AC59 /* Assets.xcassets */ = {isa = PBXFileReference; lastKnownFileType = folder.assetcatalog; path = Assets.xcassets; sourceTree = "<group>"; };
		EBE29C2C29DFE88300D7AC59 /* Base */ = {isa = PBXFileReference; lastKnownFileType = file.storyboard; name = Base; path = Base.lproj/LaunchScreen.storyboard; sourceTree = "<group>"; };
		EBE29C2E29DFE88300D7AC59 /* Info.plist */ = {isa = PBXFileReference; lastKnownFileType = text.plist.xml; path = Info.plist; sourceTree = "<group>"; };
		EBEF2BF82BA192B800B72DC7 /* client_sdk.xcframework */ = {isa = PBXFileReference; lastKnownFileType = wrapper.xcframework; name = client_sdk.xcframework; path = ../Frameworks/client_sdk.xcframework; sourceTree = "<group>"; };
		EBEF2BF92BA192B800B72DC7 /* WebRTC.xcframework */ = {isa = PBXFileReference; lastKnownFileType = wrapper.xcframework; name = WebRTC.xcframework; path = ../Frameworks/WebRTC.xcframework; sourceTree = "<group>"; };
		EBFCBCB02B049A5700EBEE6F /* ReplayKit.framework */ = {isa = PBXFileReference; lastKnownFileType = wrapper.framework; name = ReplayKit.framework; path = System/Library/Frameworks/ReplayKit.framework; sourceTree = SDKROOT; };
/* End PBXFileReference section */

/* Begin PBXFrameworksBuildPhase section */
		EBE29C1A29DFE88000D7AC59 /* Frameworks */ = {
			isa = PBXFrameworksBuildPhase;
			buildActionMask = 2147483647;
			files = (
				6939934F3029FB2581899B1D /* Pods_ios_app.framework in Frameworks */,
				EBEF2BFA2BA192B800B72DC7 /* client_sdk.xcframework in Frameworks */,
				EBEF2BFC2BA192B800B72DC7 /* WebRTC.xcframework in Frameworks */,
			);
			runOnlyForDeploymentPostprocessing = 0;
		};
/* End PBXFrameworksBuildPhase section */

/* Begin PBXGroup section */
		E3D167FD86FD560C347B413F /* Pods */ = {
			isa = PBXGroup;
			children = (
				227B66EE1C50775E0E273CC1 /* Pods-ios_app.debug.xcconfig */,
				27B4733EF9842CAB8D72937C /* Pods-ios_app.release.xcconfig */,
			);
			path = Pods;
			sourceTree = "<group>";
		};
		EBB423F02B68B89C00160DEE /* Log */ = {
			isa = PBXGroup;
			children = (
				EBB423F32B68B8B600160DEE /* AppLogger.swift */,
				EBB423F62B68BF6400160DEE /* AppLogFormatter.swift */,
				EBB423F92B68BF7000160DEE /* AppLogFileManager.swift */,
			);
			path = Log;
			sourceTree = "<group>";
		};
		EBD50AE529E537AD0092801D /* AccessToken */ = {
			isa = PBXGroup;
			children = (
				EBD50AE329E537610092801D /* AccessToken.swift */,
			);
			path = AccessToken;
			sourceTree = "<group>";
		};
		EBE29C1429DFE88000D7AC59 = {
			isa = PBXGroup;
			children = (
				EBD8988F2B17188A003F18EF /* Config.release.xcconfig */,
				EBD8988C2B171879003F18EF /* Config.debug.xcconfig */,
				EBFCBCBD2B049A7A00EBEE6F /* shared */,
				EBE29C1F29DFE88000D7AC59 /* ios_app */,
				EBE29C1E29DFE88000D7AC59 /* Products */,
				EBE29C3B29DFE97B00D7AC59 /* Frameworks */,
				E3D167FD86FD560C347B413F /* Pods */,
			);
			sourceTree = "<group>";
		};
		EBE29C1E29DFE88000D7AC59 /* Products */ = {
			isa = PBXGroup;
			children = (
				EBE29C1D29DFE88000D7AC59 /* ios_app.app */,
			);
			name = Products;
			sourceTree = "<group>";
		};
		EBE29C1F29DFE88000D7AC59 /* ios_app */ = {
			isa = PBXGroup;
			children = (
				EB71FEF62BA1610400F6962A /* ios_app.entitlements */,
				EBD50AE529E537AD0092801D /* AccessToken */,
				EBE29C2029DFE88000D7AC59 /* AppDelegate.swift */,
				EBE29C2229DFE88000D7AC59 /* SceneDelegate.swift */,
				EBE29C2429DFE88000D7AC59 /* LSEmbedCameraAndMicViewController.swift */,
				EBE29C2629DFE88100D7AC59 /* Main.storyboard */,
				EB09C70F2BB10AB600C5AE9E /* Main_iPad.storyboard */,
				EBE29C2929DFE88300D7AC59 /* Assets.xcassets */,
				EBE29C2B29DFE88300D7AC59 /* LaunchScreen.storyboard */,
				EBE29C2E29DFE88300D7AC59 /* Info.plist */,
			);
			path = ios_app;
			sourceTree = "<group>";
		};
		EBE29C3B29DFE97B00D7AC59 /* Frameworks */ = {
			isa = PBXGroup;
			children = (
				EBEF2BF82BA192B800B72DC7 /* client_sdk.xcframework */,
				EBEF2BF92BA192B800B72DC7 /* WebRTC.xcframework */,
				EBFCBCB02B049A5700EBEE6F /* ReplayKit.framework */,
				5BCC7A125FD0852867E503F5 /* Pods_ios_app.framework */,
			);
			name = Frameworks;
			sourceTree = "<group>";
		};
		EBFCBCBD2B049A7A00EBEE6F /* shared */ = {
			isa = PBXGroup;
			children = (
				EBB423F02B68B89C00160DEE /* Log */,
				EBD50AEC29E538470092801D /* Settings.swift */,
			);
			path = shared;
			sourceTree = "<group>";
		};
/* End PBXGroup section */

/* Begin PBXNativeTarget section */
		EBE29C1C29DFE88000D7AC59 /* ios_app */ = {
			isa = PBXNativeTarget;
			buildConfigurationList = EBE29C3129DFE88300D7AC59 /* Build configuration list for PBXNativeTarget "ios_app" */;
			buildPhases = (
				570EE9589E9D309F6CA420F2 /* [CP] Check Pods Manifest.lock */,
				EBE29C1929DFE88000D7AC59 /* Sources */,
				EBE29C1A29DFE88000D7AC59 /* Frameworks */,
				EBE29C1B29DFE88000D7AC59 /* Resources */,
				EBFCBCB92B049A5800EBEE6F /* Embed Foundation Extensions */,
				BCCE37977640FDEDC8F90A46 /* [CP] Embed Pods Frameworks */,
				EBEF2BFE2BA192B800B72DC7 /* Embed Frameworks */,
			);
			buildRules = (
			);
			dependencies = (
			);
			name = ios_app;
			productName = ios_app;
			productReference = EBE29C1D29DFE88000D7AC59 /* ios_app.app */;
			productType = "com.apple.product-type.application";
		};
/* End PBXNativeTarget section */

/* Begin PBXProject section */
		EBE29C1529DFE88000D7AC59 /* Project object */ = {
			isa = PBXProject;
			attributes = {
				BuildIndependentTargetsInParallel = 1;
				LastSwiftUpdateCheck = 1430;
				LastUpgradeCheck = 1410;
				TargetAttributes = {
					EBE29C1C29DFE88000D7AC59 = {
						CreatedOnToolsVersion = 14.1;
					};
				};
			};
			buildConfigurationList = EBE29C1829DFE88000D7AC59 /* Build configuration list for PBXProject "ios_app" */;
			compatibilityVersion = "Xcode 14.0";
			developmentRegion = en;
			hasScannedForEncodings = 0;
			knownRegions = (
				en,
				Base,
			);
			mainGroup = EBE29C1429DFE88000D7AC59;
			productRefGroup = EBE29C1E29DFE88000D7AC59 /* Products */;
			projectDirPath = "";
			projectRoot = "";
			targets = (
				EBE29C1C29DFE88000D7AC59 /* ios_app */,
			);
		};
/* End PBXProject section */

/* Begin PBXResourcesBuildPhase section */
		EBE29C1B29DFE88000D7AC59 /* Resources */ = {
			isa = PBXResourcesBuildPhase;
			buildActionMask = 2147483647;
			files = (
				EBE29C2D29DFE88300D7AC59 /* LaunchScreen.storyboard in Resources */,
				EBD898902B171898003F18EF /* Config.release.xcconfig in Resources */,
				EBE29C2A29DFE88300D7AC59 /* Assets.xcassets in Resources */,
				EB09C7102BB10AB600C5AE9E /* Main_iPad.storyboard in Resources */,
				EBE29C2829DFE88100D7AC59 /* Main.storyboard in Resources */,
				EBD8988D2B171879003F18EF /* Config.debug.xcconfig in Resources */,
			);
			runOnlyForDeploymentPostprocessing = 0;
		};
/* End PBXResourcesBuildPhase section */

/* Begin PBXShellScriptBuildPhase section */
		570EE9589E9D309F6CA420F2 /* [CP] Check Pods Manifest.lock */ = {
			isa = PBXShellScriptBuildPhase;
			buildActionMask = 2147483647;
			files = (
			);
			inputFileListPaths = (
			);
			inputPaths = (
				"${PODS_PODFILE_DIR_PATH}/Podfile.lock",
				"${PODS_ROOT}/Manifest.lock",
			);
			name = "[CP] Check Pods Manifest.lock";
			outputFileListPaths = (
			);
			outputPaths = (
				"$(DERIVED_FILE_DIR)/Pods-ios_app-checkManifestLockResult.txt",
			);
			runOnlyForDeploymentPostprocessing = 0;
			shellPath = /bin/sh;
			shellScript = "diff \"${PODS_PODFILE_DIR_PATH}/Podfile.lock\" \"${PODS_ROOT}/Manifest.lock\" > /dev/null\nif [ $? != 0 ] ; then\n    # print error to STDERR\n    echo \"error: The sandbox is not in sync with the Podfile.lock. Run 'pod install' or update your CocoaPods installation.\" >&2\n    exit 1\nfi\n# This output is used by Xcode 'outputs' to avoid re-running this script phase.\necho \"SUCCESS\" > \"${SCRIPT_OUTPUT_FILE_0}\"\n";
			showEnvVarsInLog = 0;
		};
		BCCE37977640FDEDC8F90A46 /* [CP] Embed Pods Frameworks */ = {
			isa = PBXShellScriptBuildPhase;
			buildActionMask = 2147483647;
			files = (
			);
			inputFileListPaths = (
				"${PODS_ROOT}/Target Support Files/Pods-ios_app/Pods-ios_app-frameworks-${CONFIGURATION}-input-files.xcfilelist",
			);
			name = "[CP] Embed Pods Frameworks";
			outputFileListPaths = (
				"${PODS_ROOT}/Target Support Files/Pods-ios_app/Pods-ios_app-frameworks-${CONFIGURATION}-output-files.xcfilelist",
			);
			runOnlyForDeploymentPostprocessing = 0;
			shellPath = /bin/sh;
			shellScript = "\"${PODS_ROOT}/Target Support Files/Pods-ios_app/Pods-ios_app-frameworks.sh\"\n";
			showEnvVarsInLog = 0;
		};
/* End PBXShellScriptBuildPhase section */

/* Begin PBXSourcesBuildPhase section */
		EBE29C1929DFE88000D7AC59 /* Sources */ = {
			isa = PBXSourcesBuildPhase;
			buildActionMask = 2147483647;
			files = (
				EBE29C2529DFE88000D7AC59 /* LSEmbedCameraAndMicViewController.swift in Sources */,
				EBB423F42B68B8B600160DEE /* AppLogger.swift in Sources */,
				EBE29C2129DFE88000D7AC59 /* AppDelegate.swift in Sources */,
				EBD50AED29E538470092801D /* Settings.swift in Sources */,
				EBB423FA2B68BF7000160DEE /* AppLogFileManager.swift in Sources */,
				EBB423F72B68BF6400160DEE /* AppLogFormatter.swift in Sources */,
				EBE29C2329DFE88000D7AC59 /* SceneDelegate.swift in Sources */,
				EBD50AE429E537610092801D /* AccessToken.swift in Sources */,
			);
			runOnlyForDeploymentPostprocessing = 0;
		};
/* End PBXSourcesBuildPhase section */

/* Begin PBXVariantGroup section */
		EBE29C2629DFE88100D7AC59 /* Main.storyboard */ = {
			isa = PBXVariantGroup;
			children = (
				EBE29C2729DFE88100D7AC59 /* Base */,
			);
			name = Main.storyboard;
			sourceTree = "<group>";
		};
		EBE29C2B29DFE88300D7AC59 /* LaunchScreen.storyboard */ = {
			isa = PBXVariantGroup;
			children = (
				EBE29C2C29DFE88300D7AC59 /* Base */,
			);
			name = LaunchScreen.storyboard;
			sourceTree = "<group>";
		};
/* End PBXVariantGroup section */

/* Begin XCBuildConfiguration section */
		EBE29C2F29DFE88300D7AC59 /* Debug */ = {
			isa = XCBuildConfiguration;
			baseConfigurationReference = 227B66EE1C50775E0E273CC1 /* Pods-ios_app.debug.xcconfig */;
			buildSettings = {
				ALWAYS_SEARCH_USER_PATHS = NO;
				CLANG_ANALYZER_NONNULL = YES;
				CLANG_ANALYZER_NUMBER_OBJECT_CONVERSION = YES_AGGRESSIVE;
				CLANG_CXX_LANGUAGE_STANDARD = "gnu++20";
				CLANG_ENABLE_MODULES = YES;
				CLANG_ENABLE_OBJC_ARC = YES;
				CLANG_ENABLE_OBJC_WEAK = YES;
				CLANG_WARN_BLOCK_CAPTURE_AUTORELEASING = YES;
				CLANG_WARN_BOOL_CONVERSION = YES;
				CLANG_WARN_COMMA = YES;
				CLANG_WARN_CONSTANT_CONVERSION = YES;
				CLANG_WARN_DEPRECATED_OBJC_IMPLEMENTATIONS = YES;
				CLANG_WARN_DIRECT_OBJC_ISA_USAGE = YES_ERROR;
				CLANG_WARN_DOCUMENTATION_COMMENTS = YES;
				CLANG_WARN_EMPTY_BODY = YES;
				CLANG_WARN_ENUM_CONVERSION = YES;
				CLANG_WARN_INFINITE_RECURSION = YES;
				CLANG_WARN_INT_CONVERSION = YES;
				CLANG_WARN_NON_LITERAL_NULL_CONVERSION = YES;
				CLANG_WARN_OBJC_IMPLICIT_RETAIN_SELF = YES;
				CLANG_WARN_OBJC_LITERAL_CONVERSION = YES;
				CLANG_WARN_OBJC_ROOT_CLASS = YES_ERROR;
				CLANG_WARN_QUOTED_INCLUDE_IN_FRAMEWORK_HEADER = YES;
				CLANG_WARN_RANGE_LOOP_ANALYSIS = YES;
				CLANG_WARN_STRICT_PROTOTYPES = YES;
				CLANG_WARN_SUSPICIOUS_MOVE = YES;
				CLANG_WARN_UNGUARDED_AVAILABILITY = YES_AGGRESSIVE;
				CLANG_WARN_UNREACHABLE_CODE = YES;
				CLANG_WARN__DUPLICATE_METHOD_MATCH = YES;
				COPY_PHASE_STRIP = NO;
				DEBUG_INFORMATION_FORMAT = dwarf;
				ENABLE_STRICT_OBJC_MSGSEND = YES;
				ENABLE_TESTABILITY = YES;
				GCC_C_LANGUAGE_STANDARD = gnu11;
				GCC_DYNAMIC_NO_PIC = NO;
				GCC_NO_COMMON_BLOCKS = YES;
				GCC_OPTIMIZATION_LEVEL = 0;
				GCC_PREPROCESSOR_DEFINITIONS = (
					"DEBUG=1",
					"$(inherited)",
				);
				GCC_WARN_64_TO_32_BIT_CONVERSION = YES;
				GCC_WARN_ABOUT_RETURN_TYPE = YES_ERROR;
				GCC_WARN_UNDECLARED_SELECTOR = YES;
				GCC_WARN_UNINITIALIZED_AUTOS = YES_AGGRESSIVE;
				GCC_WARN_UNUSED_FUNCTION = YES;
				GCC_WARN_UNUSED_VARIABLE = YES;
				IPHONEOS_DEPLOYMENT_TARGET = 16.1;
				MTL_ENABLE_DEBUG_INFO = INCLUDE_SOURCE;
				MTL_FAST_MATH = YES;
				ONLY_ACTIVE_ARCH = YES;
				SDKROOT = iphoneos;
				SWIFT_ACTIVE_COMPILATION_CONDITIONS = DEBUG;
				SWIFT_OPTIMIZATION_LEVEL = "-Onone";
			};
			name = Debug;
		};
		EBE29C3029DFE88300D7AC59 /* Release */ = {
			isa = XCBuildConfiguration;
			baseConfigurationReference = 27B4733EF9842CAB8D72937C /* Pods-ios_app.release.xcconfig */;
			buildSettings = {
				ALWAYS_SEARCH_USER_PATHS = NO;
				CLANG_ANALYZER_NONNULL = YES;
				CLANG_ANALYZER_NUMBER_OBJECT_CONVERSION = YES_AGGRESSIVE;
				CLANG_CXX_LANGUAGE_STANDARD = "gnu++20";
				CLANG_ENABLE_MODULES = YES;
				CLANG_ENABLE_OBJC_ARC = YES;
				CLANG_ENABLE_OBJC_WEAK = YES;
				CLANG_WARN_BLOCK_CAPTURE_AUTORELEASING = YES;
				CLANG_WARN_BOOL_CONVERSION = YES;
				CLANG_WARN_COMMA = YES;
				CLANG_WARN_CONSTANT_CONVERSION = YES;
				CLANG_WARN_DEPRECATED_OBJC_IMPLEMENTATIONS = YES;
				CLANG_WARN_DIRECT_OBJC_ISA_USAGE = YES_ERROR;
				CLANG_WARN_DOCUMENTATION_COMMENTS = YES;
				CLANG_WARN_EMPTY_BODY = YES;
				CLANG_WARN_ENUM_CONVERSION = YES;
				CLANG_WARN_INFINITE_RECURSION = YES;
				CLANG_WARN_INT_CONVERSION = YES;
				CLANG_WARN_NON_LITERAL_NULL_CONVERSION = YES;
				CLANG_WARN_OBJC_IMPLICIT_RETAIN_SELF = YES;
				CLANG_WARN_OBJC_LITERAL_CONVERSION = YES;
				CLANG_WARN_OBJC_ROOT_CLASS = YES_ERROR;
				CLANG_WARN_QUOTED_INCLUDE_IN_FRAMEWORK_HEADER = YES;
				CLANG_WARN_RANGE_LOOP_ANALYSIS = YES;
				CLANG_WARN_STRICT_PROTOTYPES = YES;
				CLANG_WARN_SUSPICIOUS_MOVE = YES;
				CLANG_WARN_UNGUARDED_AVAILABILITY = YES_AGGRESSIVE;
				CLANG_WARN_UNREACHABLE_CODE = YES;
				CLANG_WARN__DUPLICATE_METHOD_MATCH = YES;
				COPY_PHASE_STRIP = NO;
				DEBUG_INFORMATION_FORMAT = "dwarf-with-dsym";
				ENABLE_NS_ASSERTIONS = NO;
				ENABLE_STRICT_OBJC_MSGSEND = YES;
				GCC_C_LANGUAGE_STANDARD = gnu11;
				GCC_NO_COMMON_BLOCKS = YES;
				GCC_WARN_64_TO_32_BIT_CONVERSION = YES;
				GCC_WARN_ABOUT_RETURN_TYPE = YES_ERROR;
				GCC_WARN_UNDECLARED_SELECTOR = YES;
				GCC_WARN_UNINITIALIZED_AUTOS = YES_AGGRESSIVE;
				GCC_WARN_UNUSED_FUNCTION = YES;
				GCC_WARN_UNUSED_VARIABLE = YES;
				IPHONEOS_DEPLOYMENT_TARGET = 16.1;
				MTL_ENABLE_DEBUG_INFO = NO;
				MTL_FAST_MATH = YES;
				SDKROOT = iphoneos;
				SWIFT_COMPILATION_MODE = wholemodule;
				SWIFT_OPTIMIZATION_LEVEL = "-O";
				VALIDATE_PRODUCT = YES;
			};
			name = Release;
		};
		EBE29C3229DFE88300D7AC59 /* Debug */ = {
			isa = XCBuildConfiguration;
			baseConfigurationReference = EBD8988C2B171879003F18EF /* Config.debug.xcconfig */;
			buildSettings = {
				ASSETCATALOG_COMPILER_APPICON_NAME = AppIcon;
				ASSETCATALOG_COMPILER_GLOBAL_ACCENT_COLOR_NAME = AccentColor;
				CODE_SIGN_ENTITLEMENTS = ios_app/ios_app.entitlements;
				CODE_SIGN_STYLE = Automatic;
				CURRENT_PROJECT_VERSION = 1;
				DEVELOPMENT_ASSET_PATHS = "";
				DEVELOPMENT_TEAM = "${inherited}";
				GENERATE_INFOPLIST_FILE = YES;
				INFOPLIST_FILE = ios_app/Info.plist;
				INFOPLIST_KEY_CFBundleDisplayName = "RICOH Live Streaming Client Sample";
				INFOPLIST_KEY_NSCameraUsageDescription = "";
				INFOPLIST_KEY_NSMicrophoneUsageDescription = "";
				INFOPLIST_KEY_UIApplicationSupportsIndirectInputEvents = YES;
				INFOPLIST_KEY_UILaunchStoryboardName = LaunchScreen;
				INFOPLIST_KEY_UIMainStoryboardFile = Main;
				INFOPLIST_KEY_UISupportedInterfaceOrientations_iPad = "UIInterfaceOrientationPortrait UIInterfaceOrientationPortraitUpsideDown UIInterfaceOrientationLandscapeLeft UIInterfaceOrientationLandscapeRight";
				INFOPLIST_KEY_UISupportedInterfaceOrientations_iPhone = "UIInterfaceOrientationPortrait UIInterfaceOrientationLandscapeLeft UIInterfaceOrientationLandscapeRight";
				IPHONEOS_DEPLOYMENT_TARGET = 15.0;
				LD_RUNPATH_SEARCH_PATHS = (
					"$(inherited)",
					"@executable_path/Frameworks",
				);
				LIBRARY_SEARCH_PATHS = "";
				MARKETING_VERSION = 1.0;
				PRODUCT_BUNDLE_IDENTIFIER = "com.ricoh.livestreaming.app.ios-app";
				PRODUCT_NAME = "$(TARGET_NAME)";
				SWIFT_EMIT_LOC_STRINGS = YES;
				SWIFT_VERSION = 5.0;
				TARGETED_DEVICE_FAMILY = "1,2";
			};
			name = Debug;
		};
		EBE29C3329DFE88300D7AC59 /* Release */ = {
			isa = XCBuildConfiguration;
			baseConfigurationReference = EBD8988F2B17188A003F18EF /* Config.release.xcconfig */;
			buildSettings = {
				ASSETCATALOG_COMPILER_APPICON_NAME = AppIcon;
				ASSETCATALOG_COMPILER_GLOBAL_ACCENT_COLOR_NAME = AccentColor;
				CODE_SIGN_ENTITLEMENTS = ios_app/ios_app.entitlements;
				CODE_SIGN_STYLE = Automatic;
				CURRENT_PROJECT_VERSION = 1;
				DEVELOPMENT_ASSET_PATHS = "";
				DEVELOPMENT_TEAM = "${inherited}";
				GENERATE_INFOPLIST_FILE = YES;
				INFOPLIST_FILE = ios_app/Info.plist;
				INFOPLIST_KEY_CFBundleDisplayName = "RICOH Live Streaming Client Sample";
				INFOPLIST_KEY_NSCameraUsageDescription = "";
				INFOPLIST_KEY_NSMicrophoneUsageDescription = "";
				INFOPLIST_KEY_UIApplicationSupportsIndirectInputEvents = YES;
				INFOPLIST_KEY_UILaunchStoryboardName = LaunchScreen;
				INFOPLIST_KEY_UIMainStoryboardFile = Main;
				INFOPLIST_KEY_UISupportedInterfaceOrientations_iPad = "UIInterfaceOrientationPortrait UIInterfaceOrientationPortraitUpsideDown UIInterfaceOrientationLandscapeLeft UIInterfaceOrientationLandscapeRight";
				INFOPLIST_KEY_UISupportedInterfaceOrientations_iPhone = "UIInterfaceOrientationPortrait UIInterfaceOrientationLandscapeLeft UIInterfaceOrientationLandscapeRight";
				IPHONEOS_DEPLOYMENT_TARGET = 15.0;
				LD_RUNPATH_SEARCH_PATHS = (
					"$(inherited)",
					"@executable_path/Frameworks",
				);
				LIBRARY_SEARCH_PATHS = "";
				MARKETING_VERSION = 1.0;
				PRODUCT_BUNDLE_IDENTIFIER = "com.ricoh.livestreaming.app.ios-app";
				PRODUCT_NAME = "$(TARGET_NAME)";
				SWIFT_EMIT_LOC_STRINGS = YES;
				SWIFT_VERSION = 5.0;
				TARGETED_DEVICE_FAMILY = "1,2";
			};
			name = Release;
		};
/* End XCBuildConfiguration section */

/* Begin XCConfigurationList section */
		EBE29C1829DFE88000D7AC59 /* Build configuration list for PBXProject "ios_app" */ = {
			isa = XCConfigurationList;
			buildConfigurations = (
				EBE29C2F29DFE88300D7AC59 /* Debug */,
				EBE29C3029DFE88300D7AC59 /* Release */,
			);
			defaultConfigurationIsVisible = 0;
			defaultConfigurationName = Release;
		};
		EBE29C3129DFE88300D7AC59 /* Build configuration list for PBXNativeTarget "ios_app" */ = {
			isa = XCConfigurationList;
			buildConfigurations = (
				EBE29C3229DFE88300D7AC59 /* Debug */,
				EBE29C3329DFE88300D7AC59 /* Release */,
			);
			defaultConfigurationIsVisible = 0;
			defaultConfigurationName = Release;
		};
/* End XCConfigurationList section */
	};
	rootObject = EBE29C1529DFE88000D7AC59 /* Project object */;
}
